
Microsoft Visual Studio Solution File, Format Version 12.00
# Visual Studio Version 16
VisualStudioVersion = 16.0.32126.315
MinimumVisualStudioVersion = 10.0.40219.1
Project("{FAE04EC0-301F-11D3-BF4B-00C04F79EFBC}") = "OMSIDownloadpackInstaller", "OMSIDownloadpackInstaller\OMSIDownloadpackInstaller.csproj", "{D8059952-9E11-4283-A944-C0EAEB13D871}"
EndProject
Global
	GlobalSection(SolutionConfigurationPlatforms) = preSolution
		Debug|Any CPU = Debug|Any CPU
		Release|Any CPU = Release|Any CPU
	EndGlobalSection
	GlobalSection(ProjectConfigurationPlatforms) = postSolution
		{D8059952-9E11-4283-A944-C0EAEB13D871}.Debug|Any CPU.ActiveCfg = Debug|Any CPU
		{D8059952-9E11-4283-A944-C0EAEB13D871}.Debug|Any CPU.Build.0 = Debug|Any CPU
		{D8059952-9E11-4283-A944-C0EAEB13D871}.Release|Any CPU.ActiveCfg = Release|Any CPU
		{D8059952-9E11-4283-A944-C0EAEB13D871}.Release|Any CPU.Build.0 = Release|Any CPU
	EndGlobalSection
	GlobalSection(SolutionProperties) = preSolution
		HideSolutionNode = FALSE
	EndGlobalSection
	GlobalSection(ExtensibilityGlobals) = postSolution
		SolutionGuid = {8671E311-7330-434A-9E8C-25B134ECA9C8}
	EndGlobalSection
EndGlobal
